
Microsoft Visual Studio Solution File, Format Version 12.00
# Visual Studio 2013
VisualStudioVersion = 12.0.31101.0
MinimumVisualStudioVersion = 10.0.40219.1
Project("{FAE04EC0-301F-11D3-BF4B-00C04F79EFBC}") = "DatePicker", "DatePicker\DatePicker.csproj", "{AE260B6A-06CB-48E1-8354-5D98778D89C7}"
EndProject
Global
	GlobalSection(SolutionConfigurationPlatforms) = preSolution
		Debug|Any CPU = Debug|Any CPU
		Release|Any CPU = Release|Any CPU
	EndGlobalSection
	GlobalSection(ProjectConfigurationPlatforms) = postSolution
		{AE260B6A-06CB-48E1-8354-5D98778D89C7}.Debug|Any CPU.ActiveCfg = Debug|Any CPU
		{AE260B6A-06CB-48E1-8354-5D98778D89C7}.Debug|Any CPU.Build.0 = Debug|Any CPU
		{AE260B6A-06CB-48E1-8354-5D98778D89C7}.Release|Any CPU.ActiveCfg = Release|Any CPU
		{AE260B6A-06CB-48E1-8354-5D98778D89C7}.Release|Any CPU.Build.0 = Release|Any CPU
	EndGlobalSection
	GlobalSection(SolutionProperties) = preSolution
		HideSolutionNode = FALSE
	EndGlobalSection
EndGlobal
